{
  "name": "injectinator",
  "version": "1.0.0",
  "lockfileVersion": 1,
  "requires": true,
  "dependencies": {
    "@types/jest": {
      "version": "24.0.18",
      "resolved": "https://registry.npmjs.org/@types/jest/-/jest-24.0.18.tgz",
      "integrity": "sha512-jcDDXdjTcrQzdN06+TSVsPPqxvsZA/5QkYfIZlq1JMw7FdP5AZylbOc+6B/cuDurctRe+MziUMtQ3xQdrbjqyQ==",
      "dev": true,
      "requires": {
        "@types/jest-diff": "*"
      }
    },
    "@types/jest-diff": {
      "version": "20.0.1",
      "resolved": "https://registry.npmjs.org/@types/jest-diff/-/jest-diff-20.0.1.tgz",
      "integrity": "sha512-yALhelO3i0hqZwhjtcr6dYyaLoCHbAMshwtj6cGxTvHZAKXHsYGdff6E8EPw3xLKY0ELUTQ69Q1rQiJENnccMA==",
      "dev": true
    },
    "@types/node": {
      "version": "12.12.26",
      "resolved": "https://registry.npmjs.org/@types/node/-/node-12.12.26.tgz",
      "integrity": "sha512-UmUm94/QZvU5xLcUlNR8hA7Ac+fGpO1EG/a8bcWVz0P0LqtxFmun9Y2bbtuckwGboWJIT70DoWq1r3hb56n3DA==",
      "dev": true
    },
    "reflect-metadata": {
      "version": "0.1.13",
      "resolved": "https://registry.npmjs.org/reflect-metadata/-/reflect-metadata-0.1.13.tgz",
      "integrity": "sha512-Ts1Y/anZELhSsjMcU605fU9RE4Oi3p5ORujwbIKXfWa+0Zxs510Qrmrce5/Jowq3cHSZSJqBjypxmHarc+vEWg=="
    }
  }
}
